
Microsoft Visual Studio Solution File, Format Version 12.00
# Visual Studio Version 17
VisualStudioVersion = 17.6.33927.249
MinimumVisualStudioVersion = 10.0.40219.1
Project("{FAE04EC0-301F-11D3-BF4B-00C04F79EFBC}") = "ContactAppMinimalAPI", "ContactAppMinimalAPI\ContactAppMinimalAPI.csproj", "{64FD4318-C1FF-40D3-BDB7-9EA7B009F5AD}"
EndProject
Global
	GlobalSection(SolutionConfigurationPlatforms) = preSolution
		Debug|Any CPU = Debug|Any CPU
		Release|Any CPU = Release|Any CPU
	EndGlobalSection
	GlobalSection(ProjectConfigurationPlatforms) = postSolution
		{64FD4318-C1FF-40D3-BDB7-9EA7B009F5AD}.Debug|Any CPU.ActiveCfg = Debug|Any CPU
		{64FD4318-C1FF-40D3-BDB7-9EA7B009F5AD}.Debug|Any CPU.Build.0 = Debug|Any CPU
		{64FD4318-C1FF-40D3-BDB7-9EA7B009F5AD}.Release|Any CPU.ActiveCfg = Release|Any CPU
		{64FD4318-C1FF-40D3-BDB7-9EA7B009F5AD}.Release|Any CPU.Build.0 = Release|Any CPU
	EndGlobalSection
	GlobalSection(SolutionProperties) = preSolution
		HideSolutionNode = FALSE
	EndGlobalSection
	GlobalSection(ExtensibilityGlobals) = postSolution
		SolutionGuid = {E25DB18A-CDBE-422D-822B-5D868AF4F7BF}
	EndGlobalSection
EndGlobal
